
Microsoft Visual Studio Solution File, Format Version 12.00
# Visual Studio Version 17
VisualStudioVersion = 17.5.33424.131
MinimumVisualStudioVersion = 10.0.40219.1
Project("{2150E333-8FDC-42A3-9474-1A3956D46DE8}") = "Common", "Common", "{93E94777-0CED-434C-8F8D-E0069E8AB081}"
EndProject
Project("{9A19103F-16F7-4668-BE54-9A1E7A4F7556}") = "Perm.Common", "Common\Perm.Common\Perm.Common.csproj", "{F159A322-28E9-43D3-8B08-BBF729762E20}"
EndProject
Project("{9A19103F-16F7-4668-BE54-9A1E7A4F7556}") = "Perm.Common.APIModel", "Common\Perm.Common.APIModel\Perm.Common.APIModel.csproj", "{0B369E9C-90BB-4DD5-929A-9FEA8E23A0EF}"
EndProject
Project("{9A19103F-16F7-4668-BE54-9A1E7A4F7556}") = "Perm.Common.APIHelper", "Common\Perm.Common.APIHelper\Perm.Common.APIHelper.csproj", "{FA2D9730-C7D8-4D4C-AF48-98B38B6A7645}"
EndProject
Project("{2150E333-8FDC-42A3-9474-1A3956D46DE8}") = "Core", "Core", "{883098FB-CB61-4BE1-9106-8F069C7B8DCE}"
EndProject
Project("{9A19103F-16F7-4668-BE54-9A1E7A4F7556}") = "Perm.Core.CacheManager", "Core\Perm.Core.CacheManager\Perm.Core.CacheManager.csproj", "{B83D6EB7-5EFE-44C1-BCFE-659EC877AA23}"
EndProject
Project("{9A19103F-16F7-4668-BE54-9A1E7A4F7556}") = "Perm.Core.DependencyLoader", "Core\Perm.Core.DependencyLoader\Perm.Core.DependencyLoader.csproj", "{F458B8D0-0243-45A1-BC7C-8F4B508BFBD5}"
EndProject
Project("{9A19103F-16F7-4668-BE54-9A1E7A4F7556}") = "Perm.Core.ExceptionManager", "Core\Perm.Core.ExceptionManager\Perm.Core.ExceptionManager.csproj", "{3755ED1A-CBDB-46A4-BDE1-43C020EB951F}"
EndProject
Project("{9A19103F-16F7-4668-BE54-9A1E7A4F7556}") = "Perm.Core.ComponentFactoryManager", "Core\Perm.Core.ComponentFactoryManager\Perm.Core.ComponentFactoryManager.csproj", "{1C70E60C-48E0-40D6-9288-785D46E40D9A}"
EndProject
Project("{9A19103F-16F7-4668-BE54-9A1E7A4F7556}") = "Perm.Core.TenantManager", "Core\Perm.Core.TenantManager\Perm.Core.TenantManager.csproj", "{E4A09857-37AB-420B-974A-5C656DE3A060}"
EndProject
Project("{9A19103F-16F7-4668-BE54-9A1E7A4F7556}") = "Perm.Core.TenantManager.Abstraction", "Core\Perm.Core.TenantManager.Abstraction\Perm.Core.TenantManager.Abstraction.csproj", "{D87D7A4D-D9CB-434A-8348-3CEAFD97B1B6}"
EndProject
Project("{9A19103F-16F7-4668-BE54-9A1E7A4F7556}") = "Perm.Core.RequestManager.Processor", "Core\Perm.Core.RequestManager.Processor\Perm.Core.RequestManager.Processor.csproj", "{5301B55D-AD72-4CF3-8109-6781701CF3AE}"
EndProject
Project("{9A19103F-16F7-4668-BE54-9A1E7A4F7556}") = "Perm.Core.RequestManager", "Core\Perm.Core.RequestManager\Perm.Core.RequestManager.csproj", "{6E8794DE-AB97-4A14-A69A-48B4BF4CC179}"
EndProject
Project("{2150E333-8FDC-42A3-9474-1A3956D46DE8}") = "Security", "Security", "{16DBDC1C-86AC-4CBA-BAAE-7F06B2D6CD48}"
EndProject
Project("{9A19103F-16F7-4668-BE54-9A1E7A4F7556}") = "Perm.Security.SecurityKeys", "Security\Perm.Security.SecurityKeys\Perm.Security.SecurityKeys.csproj", "{846E932D-8DEF-4B85-B279-2D64766C2146}"
EndProject
Project("{9A19103F-16F7-4668-BE54-9A1E7A4F7556}") = "Perm.Security.AuthenticationManager", "Security\Perm.Security.AuthenticationManager\Perm.Security.AuthenticationManager.csproj", "{DBEC050C-A62F-4436-B1BA-4655FFEDBD81}"
EndProject
Project("{2150E333-8FDC-42A3-9474-1A3956D46DE8}") = "DataAccessLayer", "DataAccessLayer", "{98360F46-EB59-4218-9854-240DFB57534C}"
EndProject
Project("{9A19103F-16F7-4668-BE54-9A1E7A4F7556}") = "Perm.DataAccessLayer.Database.SqlServer", "DataAccessLayer\Perm.DataAccessLayer.Database.SqlServer\Perm.DataAccessLayer.Database.SqlServer.csproj", "{54C8F3D2-EF0D-4CF7-B7D4-ED183FE36823}"
EndProject
Project("{2150E333-8FDC-42A3-9474-1A3956D46DE8}") = "Model", "Model", "{1D79EF60-275C-470A-B929-D61086192FDA}"
EndProject
Project("{9A19103F-16F7-4668-BE54-9A1E7A4F7556}") = "Perm.Model.Config", "Model\Perm.Model.Config\Perm.Model.Config.csproj", "{2EBDAC9D-4F9F-43C1-B8C0-4408DF3A798B}"
EndProject
Project("{9A19103F-16F7-4668-BE54-9A1E7A4F7556}") = "Perm.Model.Abstraction", "Model\Perm.Model.Abstraction\Perm.Model.Abstraction.csproj", "{121F89DA-918B-418E-BAB2-000B4C8BE6D9}"
EndProject
Project("{9A19103F-16F7-4668-BE54-9A1E7A4F7556}") = "Perm.DataAccessLayer.DataRepository.Core", "DataAccessLayer\Perm.DataAccessLayer.DataRepository.Core\Perm.DataAccessLayer.DataRepository.Core.csproj", "{6C1A1C82-9D7E-42FD-96E7-BEEFEC6C38F6}"
EndProject
Project("{9A19103F-16F7-4668-BE54-9A1E7A4F7556}") = "Perm.Model.Setup", "Model\Perm.Model.Setup\Perm.Model.Setup.csproj", "{BED6DF82-3695-440D-B8A1-1946413885DD}"
EndProject
Project("{2150E333-8FDC-42A3-9474-1A3956D46DE8}") = "Component", "Component", "{4DDD268A-8E3C-4A7B-BC9E-519925270BBA}"
EndProject
Project("{2150E333-8FDC-42A3-9474-1A3956D46DE8}") = "Config", "Config", "{A661E42D-238D-492B-9DC3-353E6CB01AA8}"
EndProject
Project("{2150E333-8FDC-42A3-9474-1A3956D46DE8}") = "Admin", "Admin", "{5835D2E1-24EC-43DE-8526-173A8A3DE019}"
EndProject
Project("{2150E333-8FDC-42A3-9474-1A3956D46DE8}") = "Login", "Login", "{5CF05AD0-6AFB-4214-AB6B-C79168E68B15}"
EndProject
Project("{9A19103F-16F7-4668-BE54-9A1E7A4F7556}") = "Perm.Admin.Login.Component", "Component\Admin\Login\Perm.Admin.Login.Component\Perm.Admin.Login.Component.csproj", "{7C0EB9E3-AFF5-47CD-ADB9-DBC811D9BF37}"
EndProject
Project("{2150E333-8FDC-42A3-9474-1A3956D46DE8}") = "ApplicationParamDetail", "ApplicationParamDetail", "{90DF3998-1F6D-4F2E-8907-027616FB0C64}"
EndProject
Project("{9A19103F-16F7-4668-BE54-9A1E7A4F7556}") = "Perm.Config.ApplicationParamDetail.Data", "Component\Config\ApplicationParamDetail\Perm.Config.ApplicationParamDetail.Data\Perm.Config.ApplicationParamDetail.Data.csproj", "{0196EF9D-ECE6-4BDE-A7DC-07C4A3F3DD70}"
EndProject
Project("{9A19103F-16F7-4668-BE54-9A1E7A4F7556}") = "Perm.Config.ApplicationParamDetail.Component", "Component\Config\ApplicationParamDetail\Perm.Config.ApplicationParamDetail.Component\Perm.Config.ApplicationParamDetail.Component.csproj", "{6FE553BF-BC9A-4F88-ABB6-5A48DEA1CE5E}"
EndProject
Project("{9A19103F-16F7-4668-BE54-9A1E7A4F7556}") = "Perm.Model.Admin", "Model\Perm.Admin.Model\Perm.Model.Admin.csproj", "{764C4DA1-073B-45C0-953A-D063E5CF1D18}"
EndProject
Project("{2150E333-8FDC-42A3-9474-1A3956D46DE8}") = "User", "User", "{31D9775E-19F9-4C40-9D98-6B753C28C29C}"
EndProject
Project("{9A19103F-16F7-4668-BE54-9A1E7A4F7556}") = "Perm.Admin.User.Data", "Component\Admin\User\Perm.Admin.User.Data\Perm.Admin.User.Data.csproj", "{A8E8CD88-CAD8-4DD3-A76A-E9051590E42B}"
EndProject
Project("{9A19103F-16F7-4668-BE54-9A1E7A4F7556}") = "Perm.Admin.User.Component", "Component\Admin\User\Perm.Admin.User.Component\Perm.Admin.User.Component.csproj", "{A8F83B68-7374-4C8E-BB92-5B0F468774F3}"
EndProject
Project("{2150E333-8FDC-42A3-9474-1A3956D46DE8}") = "Audit CLR", "Audit CLR", "{C4BBEED2-8AFE-4891-88C8-F0551BD8CE7E}"
EndProject
Project("{00D1A9C2-B5F0-4AF3-8072-F6C62B433612}") = "Perm.Database.Audit", "Audit CLR\Perm.Database.Audit\Perm.Database.Audit.sqlproj", "{46C64E3E-7828-46EF-ADFA-951C667AED2A}"
EndProject
Project("{2150E333-8FDC-42A3-9474-1A3956D46DE8}") = "Common CLR", "Common CLR", "{8FFC40CB-164E-4A43-ACA6-204A52AF821F}"
EndProject
Project("{00D1A9C2-B5F0-4AF3-8072-F6C62B433612}") = "Perm.CLR.Common", "Common CLR\Perm.CLR.Common\Perm.CLR.Common.sqlproj", "{5A7DD89C-6C18-4734-9A48-448912940730}"
EndProject
Project("{2150E333-8FDC-42A3-9474-1A3956D46DE8}") = "CustomFieldMeta", "CustomFieldMeta", "{40B46FB3-C861-4803-AF67-469C3AE5139B}"
EndProject
Project("{9A19103F-16F7-4668-BE54-9A1E7A4F7556}") = "Perm.Config.CustomFieldMeta.Component", "Component\Config\CustomFieldMeta\Perm.Config.CustomFieldMeta.Component\Perm.Config.CustomFieldMeta.Component.csproj", "{DE250290-43E3-4C17-BDB2-93B145DB8BD3}"
EndProject
Project("{9A19103F-16F7-4668-BE54-9A1E7A4F7556}") = "Perm.RestAPI", "Perm.RestAPI\Perm.RestAPI.csproj", "{88C9DF20-F123-465C-9D95-27D651886152}"
	ProjectSection(ProjectDependencies) = postProject
		{0196EF9D-ECE6-4BDE-A7DC-07C4A3F3DD70} = {0196EF9D-ECE6-4BDE-A7DC-07C4A3F3DD70}
		{0B369E9C-90BB-4DD5-929A-9FEA8E23A0EF} = {0B369E9C-90BB-4DD5-929A-9FEA8E23A0EF}
		{0DA49C4A-3EE7-4483-BD72-CBABE6135562} = {0DA49C4A-3EE7-4483-BD72-CBABE6135562}
		{0DEDD927-B664-4070-8EAF-71EE7847C749} = {0DEDD927-B664-4070-8EAF-71EE7847C749}
		{121F89DA-918B-418E-BAB2-000B4C8BE6D9} = {121F89DA-918B-418E-BAB2-000B4C8BE6D9}
		{1C70E60C-48E0-40D6-9288-785D46E40D9A} = {1C70E60C-48E0-40D6-9288-785D46E40D9A}
		{1EE75BF7-AB76-4030-8300-1AD7B7AFF4D7} = {1EE75BF7-AB76-4030-8300-1AD7B7AFF4D7}
		{210B8047-9DAF-42E6-AC41-E124BFCD571C} = {210B8047-9DAF-42E6-AC41-E124BFCD571C}
		{2EBDAC9D-4F9F-43C1-B8C0-4408DF3A798B} = {2EBDAC9D-4F9F-43C1-B8C0-4408DF3A798B}
		{3755ED1A-CBDB-46A4-BDE1-43C020EB951F} = {3755ED1A-CBDB-46A4-BDE1-43C020EB951F}
		{5301B55D-AD72-4CF3-8109-6781701CF3AE} = {5301B55D-AD72-4CF3-8109-6781701CF3AE}
		{54C8F3D2-EF0D-4CF7-B7D4-ED183FE36823} = {54C8F3D2-EF0D-4CF7-B7D4-ED183FE36823}
		{5CFF432E-5DEE-4A7B-9FC6-6CFB264A0CAA} = {5CFF432E-5DEE-4A7B-9FC6-6CFB264A0CAA}
		{5D42B981-7D01-4CD0-BFA9-B4EC3B423E3B} = {5D42B981-7D01-4CD0-BFA9-B4EC3B423E3B}
		{6C1A1C82-9D7E-42FD-96E7-BEEFEC6C38F6} = {6C1A1C82-9D7E-42FD-96E7-BEEFEC6C38F6}
		{6E8794DE-AB97-4A14-A69A-48B4BF4CC179} = {6E8794DE-AB97-4A14-A69A-48B4BF4CC179}
		{6FE553BF-BC9A-4F88-ABB6-5A48DEA1CE5E} = {6FE553BF-BC9A-4F88-ABB6-5A48DEA1CE5E}
		{764C4DA1-073B-45C0-953A-D063E5CF1D18} = {764C4DA1-073B-45C0-953A-D063E5CF1D18}
		{7B82E67A-7302-41D6-9751-CF87EEA0196B} = {7B82E67A-7302-41D6-9751-CF87EEA0196B}
		{7C0EB9E3-AFF5-47CD-ADB9-DBC811D9BF37} = {7C0EB9E3-AFF5-47CD-ADB9-DBC811D9BF37}
		{7FBA04CE-0A9D-49CB-A645-BA63EAC92D55} = {7FBA04CE-0A9D-49CB-A645-BA63EAC92D55}
		{846E932D-8DEF-4B85-B279-2D64766C2146} = {846E932D-8DEF-4B85-B279-2D64766C2146}
		{86563E20-F49B-443C-B802-D38DD09BFE4B} = {86563E20-F49B-443C-B802-D38DD09BFE4B}
		{9066BE2C-5823-40D3-BA31-F8422BAA7D8C} = {9066BE2C-5823-40D3-BA31-F8422BAA7D8C}
		{A0A9FCDC-2A50-4F05-866E-EDD9BCD581B6} = {A0A9FCDC-2A50-4F05-866E-EDD9BCD581B6}
		{A317292C-2548-466C-869E-D4EB502D3CDB} = {A317292C-2548-466C-869E-D4EB502D3CDB}
		{A407BB2B-74D8-4406-841F-EB44610689C2} = {A407BB2B-74D8-4406-841F-EB44610689C2}
		{A4708DF1-4926-4969-B1F5-2648B88DD4ED} = {A4708DF1-4926-4969-B1F5-2648B88DD4ED}
		{A8E8CD88-CAD8-4DD3-A76A-E9051590E42B} = {A8E8CD88-CAD8-4DD3-A76A-E9051590E42B}
		{A8F83B68-7374-4C8E-BB92-5B0F468774F3} = {A8F83B68-7374-4C8E-BB92-5B0F468774F3}
		{A92B2E36-B489-4305-AFD4-1A582038413D} = {A92B2E36-B489-4305-AFD4-1A582038413D}
		{AEA8A8B0-A7AC-4E6F-8547-1915527B94BB} = {AEA8A8B0-A7AC-4E6F-8547-1915527B94BB}
		{B10F7F09-6291-40D7-AC80-F8F122DF10DD} = {B10F7F09-6291-40D7-AC80-F8F122DF10DD}
		{B56A9794-5FCC-4E5D-A4D5-0E7B15CECCA0} = {B56A9794-5FCC-4E5D-A4D5-0E7B15CECCA0}
		{B56C2D92-E93D-4B5A-9324-7C1C09C6B771} = {B56C2D92-E93D-4B5A-9324-7C1C09C6B771}
		{B81C7BA5-05A1-4234-A715-BC081C19984C} = {B81C7BA5-05A1-4234-A715-BC081C19984C}
		{B83D6EB7-5EFE-44C1-BCFE-659EC877AA23} = {B83D6EB7-5EFE-44C1-BCFE-659EC877AA23}
		{BED6DF82-3695-440D-B8A1-1946413885DD} = {BED6DF82-3695-440D-B8A1-1946413885DD}
		{C4F94497-B2A4-4479-B07B-9F84645EEF0E} = {C4F94497-B2A4-4479-B07B-9F84645EEF0E}
		{DA62B8A7-5ED3-40A1-85EC-797603AEF6BD} = {DA62B8A7-5ED3-40A1-85EC-797603AEF6BD}
		{DB82EBF3-2B34-4159-83CD-1FE9FC844FEA} = {DB82EBF3-2B34-4159-83CD-1FE9FC844FEA}
		{DBEC050C-A62F-4436-B1BA-4655FFEDBD81} = {DBEC050C-A62F-4436-B1BA-4655FFEDBD81}
		{DDF79E25-FB7E-4FF7-9494-D458676C1571} = {DDF79E25-FB7E-4FF7-9494-D458676C1571}
		{DE250290-43E3-4C17-BDB2-93B145DB8BD3} = {DE250290-43E3-4C17-BDB2-93B145DB8BD3}
		{E4A09857-37AB-420B-974A-5C656DE3A060} = {E4A09857-37AB-420B-974A-5C656DE3A060}
		{F159A322-28E9-43D3-8B08-BBF729762E20} = {F159A322-28E9-43D3-8B08-BBF729762E20}
		{F458B8D0-0243-45A1-BC7C-8F4B508BFBD5} = {F458B8D0-0243-45A1-BC7C-8F4B508BFBD5}
		{FAB5A6B3-4DD4-4AED-A06D-0BB7308D2734} = {FAB5A6B3-4DD4-4AED-A06D-0BB7308D2734}
		{FF6FA53D-4FD5-43DA-AA1B-AEFE86A6275A} = {FF6FA53D-4FD5-43DA-AA1B-AEFE86A6275A}
	EndProjectSection
EndProject
Project("{2150E333-8FDC-42A3-9474-1A3956D46DE8}") = "Role", "Role", "{F98667D7-1AE6-43BA-987C-2D66C0BDB1DD}"
EndProject
Project("{9A19103F-16F7-4668-BE54-9A1E7A4F7556}") = "Perm.Admin.Role.Data", "Component\Admin\Role\Perm.Admin.Role.Data\Perm.Admin.Role.Data.csproj", "{FAB5A6B3-4DD4-4AED-A06D-0BB7308D2734}"
EndProject
Project("{9A19103F-16F7-4668-BE54-9A1E7A4F7556}") = "Perm.Admin.Role.Component", "Component\Admin\Role\Perm.Admin.Role.Component\Perm.Admin.Role.Component.csproj", "{A317292C-2548-466C-869E-D4EB502D3CDB}"
EndProject
Project("{2150E333-8FDC-42A3-9474-1A3956D46DE8}") = "Audit", "Audit", "{B72B1B62-6D1C-4F50-B875-BCF1C193BC14}"
EndProject
Project("{9A19103F-16F7-4668-BE54-9A1E7A4F7556}") = "Perm.Admin.Audit.Data", "Component\Admin\Audit\Perm.Admin.Audit.Data\Perm.Admin.Audit.Data.csproj", "{DDF79E25-FB7E-4FF7-9494-D458676C1571}"
EndProject
Project("{9A19103F-16F7-4668-BE54-9A1E7A4F7556}") = "Perm.Admin.Audit.Component", "Component\Admin\Audit\Perm.Admin.Audit.Component\Perm.Admin.Audit.Component.csproj", "{FF6FA53D-4FD5-43DA-AA1B-AEFE86A6275A}"
EndProject
Project("{9A19103F-16F7-4668-BE54-9A1E7A4F7556}") = "Perm.Model.Department", "Model\Perm.Model.Department\Perm.Model.Department.csproj", "{9066BE2C-5823-40D3-BA31-F8422BAA7D8C}"
EndProject
Project("{9A19103F-16F7-4668-BE54-9A1E7A4F7556}") = "Perm.Model.Employee", "Model\Perm.Model.Employee\Perm.Model.Employee.csproj", "{AEA8A8B0-A7AC-4E6F-8547-1915527B94BB}"
EndProject
Project("{9A19103F-16F7-4668-BE54-9A1E7A4F7556}") = "Perm.Model.Attendence", "Model\Perm.Model.Attendence\Perm.Model.Attendence.csproj", "{7B82E67A-7302-41D6-9751-CF87EEA0196B}"
EndProject
Project("{9A19103F-16F7-4668-BE54-9A1E7A4F7556}") = "Perm.Model.Management", "Model\Perm.Model.Management\Perm.Model.Management.csproj", "{DB82EBF3-2B34-4159-83CD-1FE9FC844FEA}"
EndProject
Project("{2150E333-8FDC-42A3-9474-1A3956D46DE8}") = "Department", "Department", "{64B168F8-320F-4C02-8D72-8A36BFA8B92F}"
EndProject
Project("{2150E333-8FDC-42A3-9474-1A3956D46DE8}") = "Employee", "Employee", "{4FD8D2F6-A6F0-4320-909A-E7F6B8A37D17}"
EndProject
Project("{2150E333-8FDC-42A3-9474-1A3956D46DE8}") = "Management", "Management", "{088CF262-9FA2-413F-AA3D-539FC46C4967}"
EndProject
Project("{2150E333-8FDC-42A3-9474-1A3956D46DE8}") = "Attendence", "Attendence", "{49CC62E0-2312-49A0-8A7D-3946E3B9FCE6}"
EndProject
Project("{9A19103F-16F7-4668-BE54-9A1E7A4F7556}") = "Perm.Dept.Department.Data", "Component\Department\Perm.Dept.Department.Data\Perm.Dept.Department.Data.csproj", "{5CFF432E-5DEE-4A7B-9FC6-6CFB264A0CAA}"
EndProject
Project("{9A19103F-16F7-4668-BE54-9A1E7A4F7556}") = "Perm.Dept.Department.Component", "Component\Department\Perm.Dept.Department.Component\Perm.Dept.Department.Component.csproj", "{7FBA04CE-0A9D-49CB-A645-BA63EAC92D55}"
EndProject
Project("{2150E333-8FDC-42A3-9474-1A3956D46DE8}") = "BusinessPartner", "BusinessPartner", "{2C9D1436-0E85-41E8-AD94-C6FF010DC5F8}"
EndProject
Project("{9A19103F-16F7-4668-BE54-9A1E7A4F7556}") = "Perm.EmployeeMasterData.BusinessPartner.Data", "Component\BusinessPartner\Perm.EmployeeMasterData.BusinessPartner.Data\Perm.EmployeeMasterData.BusinessPartner.Data.csproj", "{5D42B981-7D01-4CD0-BFA9-B4EC3B423E3B}"
EndProject
Project("{9A19103F-16F7-4668-BE54-9A1E7A4F7556}") = "Perm.EmployeeMasterData.BusinessPartner.Component", "Component\BusinessPartner\Perm.EmployeeMasterData.BusinessPartner.Component\Perm.EmployeeMasterData.BusinessPartner.Component.csproj", "{210B8047-9DAF-42E6-AC41-E124BFCD571C}"
EndProject
Project("{2150E333-8FDC-42A3-9474-1A3956D46DE8}") = "Attendance", "Attendance", "{3DD3AB4C-B555-4DFB-9A11-2FC89F677870}"
EndProject
Project("{2150E333-8FDC-42A3-9474-1A3956D46DE8}") = "MarkAttendance", "MarkAttendance", "{11448318-D983-4ABE-87AD-37FC93463FC9}"
EndProject
Project("{2150E333-8FDC-42A3-9474-1A3956D46DE8}") = "AttendanceAssistant", "AttendanceAssistant", "{C75A581F-CC5B-476D-AB50-922600FFF160}"
EndProject
Project("{2150E333-8FDC-42A3-9474-1A3956D46DE8}") = "AttendanceRequest", "AttendanceRequest", "{BB5AF7B4-9FFC-45F5-99A6-BD14D6650804}"
EndProject
Project("{9A19103F-16F7-4668-BE54-9A1E7A4F7556}") = "Perm.Attendence.AttendanceAssistant.Data", "Component\Attendence\AttendanceAssistant\Perm.Attendence.AttendanceAssistant.Data\Perm.Attendence.AttendanceAssistant.Data.csproj", "{A407BB2B-74D8-4406-841F-EB44610689C2}"
EndProject
Project("{9A19103F-16F7-4668-BE54-9A1E7A4F7556}") = "Perm.Attendence.AttendanceAssistant.Component", "Component\Attendence\AttendanceAssistant\Perm.Attendence.AttendanceAssistant.Component\Perm.Attendence.AttendanceAssistant.Component.csproj", "{C4F94497-B2A4-4479-B07B-9F84645EEF0E}"
EndProject
Project("{9A19103F-16F7-4668-BE54-9A1E7A4F7556}") = "Perm.Attendence.MarkAttendance.Data", "Component\Attendence\MarlAttendance\Perm.Attendence.MarkAttendance.Data\Perm.Attendence.MarkAttendance.Data.csproj", "{B10F7F09-6291-40D7-AC80-F8F122DF10DD}"
EndProject
Project("{9A19103F-16F7-4668-BE54-9A1E7A4F7556}") = "Perm.Attendence.MarkAttendance.Component", "Component\Attendence\MarlAttendance\Perm.Attendence.MarkAttendance.Component\Perm.Attendence.MarkAttendance.Component.csproj", "{0DEDD927-B664-4070-8EAF-71EE7847C749}"
EndProject
Project("{9A19103F-16F7-4668-BE54-9A1E7A4F7556}") = "Perm.Attendence.AttendanceRequest.Data", "Component\Attendence\AttendanceRequest\Perm.Attendence.AttendanceRequest.Data\Perm.Attendence.AttendanceRequest.Data.csproj", "{A4708DF1-4926-4969-B1F5-2648B88DD4ED}"
EndProject
Project("{9A19103F-16F7-4668-BE54-9A1E7A4F7556}") = "Perm.Attendence.AttendanceRequest.Component", "Component\Attendence\AttendanceRequest\Perm.Attendence.AttendanceRequest.Component\Perm.Attendence.AttendanceRequest.Component.csproj", "{B56A9794-5FCC-4E5D-A4D5-0E7B15CECCA0}"
EndProject
Project("{2150E333-8FDC-42A3-9474-1A3956D46DE8}") = "TaskManagement", "TaskManagement", "{FBA8AA64-2352-44CF-A6F4-558DA164B86A}"
EndProject
Project("{9A19103F-16F7-4668-BE54-9A1E7A4F7556}") = "Perm.Management.Task.Data", "Component\Management\Perm.Management.Task.Data\Perm.Management.Task.Data.csproj", "{A0A9FCDC-2A50-4F05-866E-EDD9BCD581B6}"
EndProject
Project("{9A19103F-16F7-4668-BE54-9A1E7A4F7556}") = "Perm.Management.Task.Component", "Component\Management\Perm.Management.Task.Component\Perm.Management.Task.Component.csproj", "{A92B2E36-B489-4305-AFD4-1A582038413D}"
EndProject
Project("{2150E333-8FDC-42A3-9474-1A3956D46DE8}") = "Permission", "Permission", "{2A0D4B04-34A5-4677-8975-BC66A1D9DF4E}"
EndProject
Project("{9A19103F-16F7-4668-BE54-9A1E7A4F7556}") = "Perm.Admin.Permission.Data", "Component\Admin\Permission\Perm.Admin.Permission.Data\Perm.Admin.Permission.Data.csproj", "{86563E20-F49B-443C-B802-D38DD09BFE4B}"
EndProject
Project("{9A19103F-16F7-4668-BE54-9A1E7A4F7556}") = "Perm.Admin.Permission.Component", "Component\Admin\Permission\Perm.Admin.Permission.Component\Perm.Admin.Permission.Component.csproj", "{1EE75BF7-AB76-4030-8300-1AD7B7AFF4D7}"
EndProject
Project("{2150E333-8FDC-42A3-9474-1A3956D46DE8}") = "Setup", "Setup", "{2EEECE22-38B5-4C0F-BBA9-9C72110016D5}"
EndProject
Project("{9A19103F-16F7-4668-BE54-9A1E7A4F7556}") = "Perm.Setup.Common.Data", "Component\Setup\Perm.Setup.Common.Data\Perm.Setup.Common.Data.csproj", "{0DA49C4A-3EE7-4483-BD72-CBABE6135562}"
EndProject
Project("{9A19103F-16F7-4668-BE54-9A1E7A4F7556}") = "Perm.Setup.Common.Component", "Component\Setup\Perm.Setup.Common.Component\Perm.Setup.Common.Component.csproj", "{B81C7BA5-05A1-4234-A715-BC081C19984C}"
EndProject
Project("{2150E333-8FDC-42A3-9474-1A3956D46DE8}") = "KPI", "KPI", "{E297EFC6-1575-4FCB-9AB6-CEF5B9BAC5E3}"
EndProject
Project("{9A19103F-16F7-4668-BE54-9A1E7A4F7556}") = "Perm.KPI.Report.Component", "Component\KPI\Perm.KPI.Report.Component\Perm.KPI.Report.Component.csproj", "{DA62B8A7-5ED3-40A1-85EC-797603AEF6BD}"
EndProject
Project("{9A19103F-16F7-4668-BE54-9A1E7A4F7556}") = "Perm.KPI.Report.Data", "Component\KPI\Perm.KPI.Report.Data\Perm.KPI.Report.Data.csproj", "{B56C2D92-E93D-4B5A-9324-7C1C09C6B771}"
EndProject
Project("{FAE04EC0-301F-11D3-BF4B-00C04F79EFBC}") = "Perm.RestAPI.Secure", "Perm.RestAPI.Secure\Perm.RestAPI.Secure.csproj", "{9D80F6CE-8606-433A-9C47-1F87BC8A71D2}"
EndProject
Global
	GlobalSection(SolutionConfigurationPlatforms) = preSolution
		Debug|Any CPU = Debug|Any CPU
		Release|Any CPU = Release|Any CPU
	EndGlobalSection
	GlobalSection(ProjectConfigurationPlatforms) = postSolution
		{F159A322-28E9-43D3-8B08-BBF729762E20}.Debug|Any CPU.ActiveCfg = Debug|Any CPU
		{F159A322-28E9-43D3-8B08-BBF729762E20}.Debug|Any CPU.Build.0 = Debug|Any CPU
		{F159A322-28E9-43D3-8B08-BBF729762E20}.Release|Any CPU.ActiveCfg = Release|Any CPU
		{F159A322-28E9-43D3-8B08-BBF729762E20}.Release|Any CPU.Build.0 = Release|Any CPU
		{0B369E9C-90BB-4DD5-929A-9FEA8E23A0EF}.Debug|Any CPU.ActiveCfg = Debug|Any CPU
		{0B369E9C-90BB-4DD5-929A-9FEA8E23A0EF}.Debug|Any CPU.Build.0 = Debug|Any CPU
		{0B369E9C-90BB-4DD5-929A-9FEA8E23A0EF}.Release|Any CPU.ActiveCfg = Release|Any CPU
		{0B369E9C-90BB-4DD5-929A-9FEA8E23A0EF}.Release|Any CPU.Build.0 = Release|Any CPU
		{FA2D9730-C7D8-4D4C-AF48-98B38B6A7645}.Debug|Any CPU.ActiveCfg = Debug|Any CPU
		{FA2D9730-C7D8-4D4C-AF48-98B38B6A7645}.Debug|Any CPU.Build.0 = Debug|Any CPU
		{FA2D9730-C7D8-4D4C-AF48-98B38B6A7645}.Release|Any CPU.ActiveCfg = Release|Any CPU
		{FA2D9730-C7D8-4D4C-AF48-98B38B6A7645}.Release|Any CPU.Build.0 = Release|Any CPU
		{B83D6EB7-5EFE-44C1-BCFE-659EC877AA23}.Debug|Any CPU.ActiveCfg = Debug|Any CPU
		{B83D6EB7-5EFE-44C1-BCFE-659EC877AA23}.Debug|Any CPU.Build.0 = Debug|Any CPU
		{B83D6EB7-5EFE-44C1-BCFE-659EC877AA23}.Release|Any CPU.ActiveCfg = Release|Any CPU
		{B83D6EB7-5EFE-44C1-BCFE-659EC877AA23}.Release|Any CPU.Build.0 = Release|Any CPU
		{F458B8D0-0243-45A1-BC7C-8F4B508BFBD5}.Debug|Any CPU.ActiveCfg = Debug|Any CPU
		{F458B8D0-0243-45A1-BC7C-8F4B508BFBD5}.Debug|Any CPU.Build.0 = Debug|Any CPU
		{F458B8D0-0243-45A1-BC7C-8F4B508BFBD5}.Release|Any CPU.ActiveCfg = Release|Any CPU
		{F458B8D0-0243-45A1-BC7C-8F4B508BFBD5}.Release|Any CPU.Build.0 = Release|Any CPU
		{3755ED1A-CBDB-46A4-BDE1-43C020EB951F}.Debug|Any CPU.ActiveCfg = Debug|Any CPU
		{3755ED1A-CBDB-46A4-BDE1-43C020EB951F}.Debug|Any CPU.Build.0 = Debug|Any CPU
		{3755ED1A-CBDB-46A4-BDE1-43C020EB951F}.Release|Any CPU.ActiveCfg = Release|Any CPU
		{3755ED1A-CBDB-46A4-BDE1-43C020EB951F}.Release|Any CPU.Build.0 = Release|Any CPU
		{1C70E60C-48E0-40D6-9288-785D46E40D9A}.Debug|Any CPU.ActiveCfg = Debug|Any CPU
		{1C70E60C-48E0-40D6-9288-785D46E40D9A}.Debug|Any CPU.Build.0 = Debug|Any CPU
		{1C70E60C-48E0-40D6-9288-785D46E40D9A}.Release|Any CPU.ActiveCfg = Release|Any CPU
		{1C70E60C-48E0-40D6-9288-785D46E40D9A}.Release|Any CPU.Build.0 = Release|Any CPU
		{E4A09857-37AB-420B-974A-5C656DE3A060}.Debug|Any CPU.ActiveCfg = Debug|Any CPU
		{E4A09857-37AB-420B-974A-5C656DE3A060}.Debug|Any CPU.Build.0 = Debug|Any CPU
		{E4A09857-37AB-420B-974A-5C656DE3A060}.Release|Any CPU.ActiveCfg = Release|Any CPU
		{E4A09857-37AB-420B-974A-5C656DE3A060}.Release|Any CPU.Build.0 = Release|Any CPU
		{D87D7A4D-D9CB-434A-8348-3CEAFD97B1B6}.Debug|Any CPU.ActiveCfg = Debug|Any CPU
		{D87D7A4D-D9CB-434A-8348-3CEAFD97B1B6}.Debug|Any CPU.Build.0 = Debug|Any CPU
		{D87D7A4D-D9CB-434A-8348-3CEAFD97B1B6}.Release|Any CPU.ActiveCfg = Release|Any CPU
		{D87D7A4D-D9CB-434A-8348-3CEAFD97B1B6}.Release|Any CPU.Build.0 = Release|Any CPU
		{5301B55D-AD72-4CF3-8109-6781701CF3AE}.Debug|Any CPU.ActiveCfg = Debug|Any CPU
		{5301B55D-AD72-4CF3-8109-6781701CF3AE}.Debug|Any CPU.Build.0 = Debug|Any CPU
		{5301B55D-AD72-4CF3-8109-6781701CF3AE}.Release|Any CPU.ActiveCfg = Release|Any CPU
		{5301B55D-AD72-4CF3-8109-6781701CF3AE}.Release|Any CPU.Build.0 = Release|Any CPU
		{6E8794DE-AB97-4A14-A69A-48B4BF4CC179}.Debug|Any CPU.ActiveCfg = Debug|Any CPU
		{6E8794DE-AB97-4A14-A69A-48B4BF4CC179}.Debug|Any CPU.Build.0 = Debug|Any CPU
		{6E8794DE-AB97-4A14-A69A-48B4BF4CC179}.Release|Any CPU.ActiveCfg = Release|Any CPU
		{6E8794DE-AB97-4A14-A69A-48B4BF4CC179}.Release|Any CPU.Build.0 = Release|Any CPU
		{846E932D-8DEF-4B85-B279-2D64766C2146}.Debug|Any CPU.ActiveCfg = Debug|Any CPU
		{846E932D-8DEF-4B85-B279-2D64766C2146}.Debug|Any CPU.Build.0 = Debug|Any CPU
		{846E932D-8DEF-4B85-B279-2D64766C2146}.Release|Any CPU.ActiveCfg = Release|Any CPU
		{846E932D-8DEF-4B85-B279-2D64766C2146}.Release|Any CPU.Build.0 = Release|Any CPU
		{DBEC050C-A62F-4436-B1BA-4655FFEDBD81}.Debug|Any CPU.ActiveCfg = Debug|Any CPU
		{DBEC050C-A62F-4436-B1BA-4655FFEDBD81}.Debug|Any CPU.Build.0 = Debug|Any CPU
		{DBEC050C-A62F-4436-B1BA-4655FFEDBD81}.Release|Any CPU.ActiveCfg = Release|Any CPU
		{DBEC050C-A62F-4436-B1BA-4655FFEDBD81}.Release|Any CPU.Build.0 = Release|Any CPU
		{54C8F3D2-EF0D-4CF7-B7D4-ED183FE36823}.Debug|Any CPU.ActiveCfg = Debug|Any CPU
		{54C8F3D2-EF0D-4CF7-B7D4-ED183FE36823}.Debug|Any CPU.Build.0 = Debug|Any CPU
		{54C8F3D2-EF0D-4CF7-B7D4-ED183FE36823}.Release|Any CPU.ActiveCfg = Release|Any CPU
		{54C8F3D2-EF0D-4CF7-B7D4-ED183FE36823}.Release|Any CPU.Build.0 = Release|Any CPU
		{2EBDAC9D-4F9F-43C1-B8C0-4408DF3A798B}.Debug|Any CPU.ActiveCfg = Debug|Any CPU
		{2EBDAC9D-4F9F-43C1-B8C0-4408DF3A798B}.Debug|Any CPU.Build.0 = Debug|Any CPU
		{2EBDAC9D-4F9F-43C1-B8C0-4408DF3A798B}.Release|Any CPU.ActiveCfg = Release|Any CPU
		{2EBDAC9D-4F9F-43C1-B8C0-4408DF3A798B}.Release|Any CPU.Build.0 = Release|Any CPU
		{121F89DA-918B-418E-BAB2-000B4C8BE6D9}.Debug|Any CPU.ActiveCfg = Debug|Any CPU
		{121F89DA-918B-418E-BAB2-000B4C8BE6D9}.Debug|Any CPU.Build.0 = Debug|Any CPU
		{121F89DA-918B-418E-BAB2-000B4C8BE6D9}.Release|Any CPU.ActiveCfg = Release|Any CPU
		{121F89DA-918B-418E-BAB2-000B4C8BE6D9}.Release|Any CPU.Build.0 = Release|Any CPU
		{6C1A1C82-9D7E-42FD-96E7-BEEFEC6C38F6}.Debug|Any CPU.ActiveCfg = Debug|Any CPU
		{6C1A1C82-9D7E-42FD-96E7-BEEFEC6C38F6}.Debug|Any CPU.Build.0 = Debug|Any CPU
		{6C1A1C82-9D7E-42FD-96E7-BEEFEC6C38F6}.Release|Any CPU.ActiveCfg = Release|Any CPU
		{6C1A1C82-9D7E-42FD-96E7-BEEFEC6C38F6}.Release|Any CPU.Build.0 = Release|Any CPU
		{BED6DF82-3695-440D-B8A1-1946413885DD}.Debug|Any CPU.ActiveCfg = Debug|Any CPU
		{BED6DF82-3695-440D-B8A1-1946413885DD}.Debug|Any CPU.Build.0 = Debug|Any CPU
		{BED6DF82-3695-440D-B8A1-1946413885DD}.Release|Any CPU.ActiveCfg = Release|Any CPU
		{BED6DF82-3695-440D-B8A1-1946413885DD}.Release|Any CPU.Build.0 = Release|Any CPU
		{7C0EB9E3-AFF5-47CD-ADB9-DBC811D9BF37}.Debug|Any CPU.ActiveCfg = Debug|Any CPU
		{7C0EB9E3-AFF5-47CD-ADB9-DBC811D9BF37}.Debug|Any CPU.Build.0 = Debug|Any CPU
		{7C0EB9E3-AFF5-47CD-ADB9-DBC811D9BF37}.Release|Any CPU.ActiveCfg = Release|Any CPU
		{7C0EB9E3-AFF5-47CD-ADB9-DBC811D9BF37}.Release|Any CPU.Build.0 = Release|Any CPU
		{0196EF9D-ECE6-4BDE-A7DC-07C4A3F3DD70}.Debug|Any CPU.ActiveCfg = Debug|Any CPU
		{0196EF9D-ECE6-4BDE-A7DC-07C4A3F3DD70}.Debug|Any CPU.Build.0 = Debug|Any CPU
		{0196EF9D-ECE6-4BDE-A7DC-07C4A3F3DD70}.Release|Any CPU.ActiveCfg = Release|Any CPU
		{0196EF9D-ECE6-4BDE-A7DC-07C4A3F3DD70}.Release|Any CPU.Build.0 = Release|Any CPU
		{6FE553BF-BC9A-4F88-ABB6-5A48DEA1CE5E}.Debug|Any CPU.ActiveCfg = Debug|Any CPU
		{6FE553BF-BC9A-4F88-ABB6-5A48DEA1CE5E}.Debug|Any CPU.Build.0 = Debug|Any CPU
		{6FE553BF-BC9A-4F88-ABB6-5A48DEA1CE5E}.Release|Any CPU.ActiveCfg = Release|Any CPU
		{6FE553BF-BC9A-4F88-ABB6-5A48DEA1CE5E}.Release|Any CPU.Build.0 = Release|Any CPU
		{764C4DA1-073B-45C0-953A-D063E5CF1D18}.Debug|Any CPU.ActiveCfg = Debug|Any CPU
		{764C4DA1-073B-45C0-953A-D063E5CF1D18}.Debug|Any CPU.Build.0 = Debug|Any CPU
		{764C4DA1-073B-45C0-953A-D063E5CF1D18}.Release|Any CPU.ActiveCfg = Release|Any CPU
		{764C4DA1-073B-45C0-953A-D063E5CF1D18}.Release|Any CPU.Build.0 = Release|Any CPU
		{A8E8CD88-CAD8-4DD3-A76A-E9051590E42B}.Debug|Any CPU.ActiveCfg = Debug|Any CPU
		{A8E8CD88-CAD8-4DD3-A76A-E9051590E42B}.Debug|Any CPU.Build.0 = Debug|Any CPU
		{A8E8CD88-CAD8-4DD3-A76A-E9051590E42B}.Release|Any CPU.ActiveCfg = Release|Any CPU
		{A8E8CD88-CAD8-4DD3-A76A-E9051590E42B}.Release|Any CPU.Build.0 = Release|Any CPU
		{A8F83B68-7374-4C8E-BB92-5B0F468774F3}.Debug|Any CPU.ActiveCfg = Debug|Any CPU
		{A8F83B68-7374-4C8E-BB92-5B0F468774F3}.Debug|Any CPU.Build.0 = Debug|Any CPU
		{A8F83B68-7374-4C8E-BB92-5B0F468774F3}.Release|Any CPU.ActiveCfg = Release|Any CPU
		{A8F83B68-7374-4C8E-BB92-5B0F468774F3}.Release|Any CPU.Build.0 = Release|Any CPU
		{46C64E3E-7828-46EF-ADFA-951C667AED2A}.Debug|Any CPU.ActiveCfg = Debug|Any CPU
		{46C64E3E-7828-46EF-ADFA-951C667AED2A}.Debug|Any CPU.Build.0 = Debug|Any CPU
		{46C64E3E-7828-46EF-ADFA-951C667AED2A}.Debug|Any CPU.Deploy.0 = Debug|Any CPU
		{46C64E3E-7828-46EF-ADFA-951C667AED2A}.Release|Any CPU.ActiveCfg = Release|Any CPU
		{46C64E3E-7828-46EF-ADFA-951C667AED2A}.Release|Any CPU.Build.0 = Release|Any CPU
		{46C64E3E-7828-46EF-ADFA-951C667AED2A}.Release|Any CPU.Deploy.0 = Release|Any CPU
		{5A7DD89C-6C18-4734-9A48-448912940730}.Debug|Any CPU.ActiveCfg = Debug|Any CPU
		{5A7DD89C-6C18-4734-9A48-448912940730}.Debug|Any CPU.Build.0 = Debug|Any CPU
		{5A7DD89C-6C18-4734-9A48-448912940730}.Debug|Any CPU.Deploy.0 = Debug|Any CPU
		{5A7DD89C-6C18-4734-9A48-448912940730}.Release|Any CPU.ActiveCfg = Release|Any CPU
		{5A7DD89C-6C18-4734-9A48-448912940730}.Release|Any CPU.Build.0 = Release|Any CPU
		{5A7DD89C-6C18-4734-9A48-448912940730}.Release|Any CPU.Deploy.0 = Release|Any CPU
		{DE250290-43E3-4C17-BDB2-93B145DB8BD3}.Debug|Any CPU.ActiveCfg = Debug|Any CPU
		{DE250290-43E3-4C17-BDB2-93B145DB8BD3}.Debug|Any CPU.Build.0 = Debug|Any CPU
		{DE250290-43E3-4C17-BDB2-93B145DB8BD3}.Release|Any CPU.ActiveCfg = Release|Any CPU
		{DE250290-43E3-4C17-BDB2-93B145DB8BD3}.Release|Any CPU.Build.0 = Release|Any CPU
		{88C9DF20-F123-465C-9D95-27D651886152}.Debug|Any CPU.ActiveCfg = Debug|Any CPU
		{88C9DF20-F123-465C-9D95-27D651886152}.Debug|Any CPU.Build.0 = Debug|Any CPU
		{88C9DF20-F123-465C-9D95-27D651886152}.Release|Any CPU.ActiveCfg = Release|Any CPU
		{88C9DF20-F123-465C-9D95-27D651886152}.Release|Any CPU.Build.0 = Release|Any CPU
		{FAB5A6B3-4DD4-4AED-A06D-0BB7308D2734}.Debug|Any CPU.ActiveCfg = Debug|Any CPU
		{FAB5A6B3-4DD4-4AED-A06D-0BB7308D2734}.Debug|Any CPU.Build.0 = Debug|Any CPU
		{FAB5A6B3-4DD4-4AED-A06D-0BB7308D2734}.Release|Any CPU.ActiveCfg = Release|Any CPU
		{FAB5A6B3-4DD4-4AED-A06D-0BB7308D2734}.Release|Any CPU.Build.0 = Release|Any CPU
		{A317292C-2548-466C-869E-D4EB502D3CDB}.Debug|Any CPU.ActiveCfg = Debug|Any CPU
		{A317292C-2548-466C-869E-D4EB502D3CDB}.Debug|Any CPU.Build.0 = Debug|Any CPU
		{A317292C-2548-466C-869E-D4EB502D3CDB}.Release|Any CPU.ActiveCfg = Release|Any CPU
		{A317292C-2548-466C-869E-D4EB502D3CDB}.Release|Any CPU.Build.0 = Release|Any CPU
		{DDF79E25-FB7E-4FF7-9494-D458676C1571}.Debug|Any CPU.ActiveCfg = Debug|Any CPU
		{DDF79E25-FB7E-4FF7-9494-D458676C1571}.Debug|Any CPU.Build.0 = Debug|Any CPU
		{DDF79E25-FB7E-4FF7-9494-D458676C1571}.Release|Any CPU.ActiveCfg = Release|Any CPU
		{DDF79E25-FB7E-4FF7-9494-D458676C1571}.Release|Any CPU.Build.0 = Release|Any CPU
		{FF6FA53D-4FD5-43DA-AA1B-AEFE86A6275A}.Debug|Any CPU.ActiveCfg = Debug|Any CPU
		{FF6FA53D-4FD5-43DA-AA1B-AEFE86A6275A}.Debug|Any CPU.Build.0 = Debug|Any CPU
		{FF6FA53D-4FD5-43DA-AA1B-AEFE86A6275A}.Release|Any CPU.ActiveCfg = Release|Any CPU
		{FF6FA53D-4FD5-43DA-AA1B-AEFE86A6275A}.Release|Any CPU.Build.0 = Release|Any CPU
		{9066BE2C-5823-40D3-BA31-F8422BAA7D8C}.Debug|Any CPU.ActiveCfg = Debug|Any CPU
		{9066BE2C-5823-40D3-BA31-F8422BAA7D8C}.Debug|Any CPU.Build.0 = Debug|Any CPU
		{9066BE2C-5823-40D3-BA31-F8422BAA7D8C}.Release|Any CPU.ActiveCfg = Release|Any CPU
		{9066BE2C-5823-40D3-BA31-F8422BAA7D8C}.Release|Any CPU.Build.0 = Release|Any CPU
		{AEA8A8B0-A7AC-4E6F-8547-1915527B94BB}.Debug|Any CPU.ActiveCfg = Debug|Any CPU
		{AEA8A8B0-A7AC-4E6F-8547-1915527B94BB}.Debug|Any CPU.Build.0 = Debug|Any CPU
		{AEA8A8B0-A7AC-4E6F-8547-1915527B94BB}.Release|Any CPU.ActiveCfg = Release|Any CPU
		{AEA8A8B0-A7AC-4E6F-8547-1915527B94BB}.Release|Any CPU.Build.0 = Release|Any CPU
		{7B82E67A-7302-41D6-9751-CF87EEA0196B}.Debug|Any CPU.ActiveCfg = Debug|Any CPU
		{7B82E67A-7302-41D6-9751-CF87EEA0196B}.Debug|Any CPU.Build.0 = Debug|Any CPU
		{7B82E67A-7302-41D6-9751-CF87EEA0196B}.Release|Any CPU.ActiveCfg = Release|Any CPU
		{7B82E67A-7302-41D6-9751-CF87EEA0196B}.Release|Any CPU.Build.0 = Release|Any CPU
		{DB82EBF3-2B34-4159-83CD-1FE9FC844FEA}.Debug|Any CPU.ActiveCfg = Debug|Any CPU
		{DB82EBF3-2B34-4159-83CD-1FE9FC844FEA}.Debug|Any CPU.Build.0 = Debug|Any CPU
		{DB82EBF3-2B34-4159-83CD-1FE9FC844FEA}.Release|Any CPU.ActiveCfg = Release|Any CPU
		{DB82EBF3-2B34-4159-83CD-1FE9FC844FEA}.Release|Any CPU.Build.0 = Release|Any CPU
		{5CFF432E-5DEE-4A7B-9FC6-6CFB264A0CAA}.Debug|Any CPU.ActiveCfg = Debug|Any CPU
		{5CFF432E-5DEE-4A7B-9FC6-6CFB264A0CAA}.Debug|Any CPU.Build.0 = Debug|Any CPU
		{5CFF432E-5DEE-4A7B-9FC6-6CFB264A0CAA}.Release|Any CPU.ActiveCfg = Release|Any CPU
		{5CFF432E-5DEE-4A7B-9FC6-6CFB264A0CAA}.Release|Any CPU.Build.0 = Release|Any CPU
		{7FBA04CE-0A9D-49CB-A645-BA63EAC92D55}.Debug|Any CPU.ActiveCfg = Debug|Any CPU
		{7FBA04CE-0A9D-49CB-A645-BA63EAC92D55}.Debug|Any CPU.Build.0 = Debug|Any CPU
		{7FBA04CE-0A9D-49CB-A645-BA63EAC92D55}.Release|Any CPU.ActiveCfg = Release|Any CPU
		{7FBA04CE-0A9D-49CB-A645-BA63EAC92D55}.Release|Any CPU.Build.0 = Release|Any CPU
		{5D42B981-7D01-4CD0-BFA9-B4EC3B423E3B}.Debug|Any CPU.ActiveCfg = Debug|Any CPU
		{5D42B981-7D01-4CD0-BFA9-B4EC3B423E3B}.Debug|Any CPU.Build.0 = Debug|Any CPU
		{5D42B981-7D01-4CD0-BFA9-B4EC3B423E3B}.Release|Any CPU.ActiveCfg = Release|Any CPU
		{5D42B981-7D01-4CD0-BFA9-B4EC3B423E3B}.Release|Any CPU.Build.0 = Release|Any CPU
		{210B8047-9DAF-42E6-AC41-E124BFCD571C}.Debug|Any CPU.ActiveCfg = Debug|Any CPU
		{210B8047-9DAF-42E6-AC41-E124BFCD571C}.Debug|Any CPU.Build.0 = Debug|Any CPU
		{210B8047-9DAF-42E6-AC41-E124BFCD571C}.Release|Any CPU.ActiveCfg = Release|Any CPU
		{210B8047-9DAF-42E6-AC41-E124BFCD571C}.Release|Any CPU.Build.0 = Release|Any CPU
		{A407BB2B-74D8-4406-841F-EB44610689C2}.Debug|Any CPU.ActiveCfg = Debug|Any CPU
		{A407BB2B-74D8-4406-841F-EB44610689C2}.Debug|Any CPU.Build.0 = Debug|Any CPU
		{A407BB2B-74D8-4406-841F-EB44610689C2}.Release|Any CPU.ActiveCfg = Release|Any CPU
		{A407BB2B-74D8-4406-841F-EB44610689C2}.Release|Any CPU.Build.0 = Release|Any CPU
		{C4F94497-B2A4-4479-B07B-9F84645EEF0E}.Debug|Any CPU.ActiveCfg = Debug|Any CPU
		{C4F94497-B2A4-4479-B07B-9F84645EEF0E}.Debug|Any CPU.Build.0 = Debug|Any CPU
		{C4F94497-B2A4-4479-B07B-9F84645EEF0E}.Release|Any CPU.ActiveCfg = Release|Any CPU
		{C4F94497-B2A4-4479-B07B-9F84645EEF0E}.Release|Any CPU.Build.0 = Release|Any CPU
		{B10F7F09-6291-40D7-AC80-F8F122DF10DD}.Debug|Any CPU.ActiveCfg = Debug|Any CPU
		{B10F7F09-6291-40D7-AC80-F8F122DF10DD}.Debug|Any CPU.Build.0 = Debug|Any CPU
		{B10F7F09-6291-40D7-AC80-F8F122DF10DD}.Release|Any CPU.ActiveCfg = Release|Any CPU
		{B10F7F09-6291-40D7-AC80-F8F122DF10DD}.Release|Any CPU.Build.0 = Release|Any CPU
		{0DEDD927-B664-4070-8EAF-71EE7847C749}.Debug|Any CPU.ActiveCfg = Debug|Any CPU
		{0DEDD927-B664-4070-8EAF-71EE7847C749}.Debug|Any CPU.Build.0 = Debug|Any CPU
		{0DEDD927-B664-4070-8EAF-71EE7847C749}.Release|Any CPU.ActiveCfg = Release|Any CPU
		{0DEDD927-B664-4070-8EAF-71EE7847C749}.Release|Any CPU.Build.0 = Release|Any CPU
		{A4708DF1-4926-4969-B1F5-2648B88DD4ED}.Debug|Any CPU.ActiveCfg = Debug|Any CPU
		{A4708DF1-4926-4969-B1F5-2648B88DD4ED}.Debug|Any CPU.Build.0 = Debug|Any CPU
		{A4708DF1-4926-4969-B1F5-2648B88DD4ED}.Release|Any CPU.ActiveCfg = Release|Any CPU
		{A4708DF1-4926-4969-B1F5-2648B88DD4ED}.Release|Any CPU.Build.0 = Release|Any CPU
		{B56A9794-5FCC-4E5D-A4D5-0E7B15CECCA0}.Debug|Any CPU.ActiveCfg = Debug|Any CPU
		{B56A9794-5FCC-4E5D-A4D5-0E7B15CECCA0}.Debug|Any CPU.Build.0 = Debug|Any CPU
		{B56A9794-5FCC-4E5D-A4D5-0E7B15CECCA0}.Release|Any CPU.ActiveCfg = Release|Any CPU
		{B56A9794-5FCC-4E5D-A4D5-0E7B15CECCA0}.Release|Any CPU.Build.0 = Release|Any CPU
		{A0A9FCDC-2A50-4F05-866E-EDD9BCD581B6}.Debug|Any CPU.ActiveCfg = Debug|Any CPU
		{A0A9FCDC-2A50-4F05-866E-EDD9BCD581B6}.Debug|Any CPU.Build.0 = Debug|Any CPU
		{A0A9FCDC-2A50-4F05-866E-EDD9BCD581B6}.Release|Any CPU.ActiveCfg = Release|Any CPU
		{A0A9FCDC-2A50-4F05-866E-EDD9BCD581B6}.Release|Any CPU.Build.0 = Release|Any CPU
		{A92B2E36-B489-4305-AFD4-1A582038413D}.Debug|Any CPU.ActiveCfg = Debug|Any CPU
		{A92B2E36-B489-4305-AFD4-1A582038413D}.Debug|Any CPU.Build.0 = Debug|Any CPU
		{A92B2E36-B489-4305-AFD4-1A582038413D}.Release|Any CPU.ActiveCfg = Release|Any CPU
		{A92B2E36-B489-4305-AFD4-1A582038413D}.Release|Any CPU.Build.0 = Release|Any CPU
		{86563E20-F49B-443C-B802-D38DD09BFE4B}.Debug|Any CPU.ActiveCfg = Debug|Any CPU
		{86563E20-F49B-443C-B802-D38DD09BFE4B}.Debug|Any CPU.Build.0 = Debug|Any CPU
		{86563E20-F49B-443C-B802-D38DD09BFE4B}.Release|Any CPU.ActiveCfg = Release|Any CPU
		{86563E20-F49B-443C-B802-D38DD09BFE4B}.Release|Any CPU.Build.0 = Release|Any CPU
		{1EE75BF7-AB76-4030-8300-1AD7B7AFF4D7}.Debug|Any CPU.ActiveCfg = Debug|Any CPU
		{1EE75BF7-AB76-4030-8300-1AD7B7AFF4D7}.Debug|Any CPU.Build.0 = Debug|Any CPU
		{1EE75BF7-AB76-4030-8300-1AD7B7AFF4D7}.Release|Any CPU.ActiveCfg = Release|Any CPU
		{1EE75BF7-AB76-4030-8300-1AD7B7AFF4D7}.Release|Any CPU.Build.0 = Release|Any CPU
		{0DA49C4A-3EE7-4483-BD72-CBABE6135562}.Debug|Any CPU.ActiveCfg = Debug|Any CPU
		{0DA49C4A-3EE7-4483-BD72-CBABE6135562}.Debug|Any CPU.Build.0 = Debug|Any CPU
		{0DA49C4A-3EE7-4483-BD72-CBABE6135562}.Release|Any CPU.ActiveCfg = Release|Any CPU
		{0DA49C4A-3EE7-4483-BD72-CBABE6135562}.Release|Any CPU.Build.0 = Release|Any CPU
		{B81C7BA5-05A1-4234-A715-BC081C19984C}.Debug|Any CPU.ActiveCfg = Debug|Any CPU
		{B81C7BA5-05A1-4234-A715-BC081C19984C}.Debug|Any CPU.Build.0 = Debug|Any CPU
		{B81C7BA5-05A1-4234-A715-BC081C19984C}.Release|Any CPU.ActiveCfg = Release|Any CPU
		{B81C7BA5-05A1-4234-A715-BC081C19984C}.Release|Any CPU.Build.0 = Release|Any CPU
		{DA62B8A7-5ED3-40A1-85EC-797603AEF6BD}.Debug|Any CPU.ActiveCfg = Debug|Any CPU
		{DA62B8A7-5ED3-40A1-85EC-797603AEF6BD}.Debug|Any CPU.Build.0 = Debug|Any CPU
		{DA62B8A7-5ED3-40A1-85EC-797603AEF6BD}.Release|Any CPU.ActiveCfg = Release|Any CPU
		{DA62B8A7-5ED3-40A1-85EC-797603AEF6BD}.Release|Any CPU.Build.0 = Release|Any CPU
		{B56C2D92-E93D-4B5A-9324-7C1C09C6B771}.Debug|Any CPU.ActiveCfg = Debug|Any CPU
		{B56C2D92-E93D-4B5A-9324-7C1C09C6B771}.Debug|Any CPU.Build.0 = Debug|Any CPU
		{B56C2D92-E93D-4B5A-9324-7C1C09C6B771}.Release|Any CPU.ActiveCfg = Release|Any CPU
		{B56C2D92-E93D-4B5A-9324-7C1C09C6B771}.Release|Any CPU.Build.0 = Release|Any CPU
		{9D80F6CE-8606-433A-9C47-1F87BC8A71D2}.Debug|Any CPU.ActiveCfg = Debug|Any CPU
		{9D80F6CE-8606-433A-9C47-1F87BC8A71D2}.Debug|Any CPU.Build.0 = Debug|Any CPU
		{9D80F6CE-8606-433A-9C47-1F87BC8A71D2}.Release|Any CPU.ActiveCfg = Release|Any CPU
		{9D80F6CE-8606-433A-9C47-1F87BC8A71D2}.Release|Any CPU.Build.0 = Release|Any CPU
	EndGlobalSection
	GlobalSection(SolutionProperties) = preSolution
		HideSolutionNode = FALSE
	EndGlobalSection
	GlobalSection(NestedProjects) = preSolution
		{F159A322-28E9-43D3-8B08-BBF729762E20} = {93E94777-0CED-434C-8F8D-E0069E8AB081}
		{0B369E9C-90BB-4DD5-929A-9FEA8E23A0EF} = {93E94777-0CED-434C-8F8D-E0069E8AB081}
		{FA2D9730-C7D8-4D4C-AF48-98B38B6A7645} = {93E94777-0CED-434C-8F8D-E0069E8AB081}
		{B83D6EB7-5EFE-44C1-BCFE-659EC877AA23} = {883098FB-CB61-4BE1-9106-8F069C7B8DCE}
		{F458B8D0-0243-45A1-BC7C-8F4B508BFBD5} = {883098FB-CB61-4BE1-9106-8F069C7B8DCE}
		{3755ED1A-CBDB-46A4-BDE1-43C020EB951F} = {883098FB-CB61-4BE1-9106-8F069C7B8DCE}
		{1C70E60C-48E0-40D6-9288-785D46E40D9A} = {883098FB-CB61-4BE1-9106-8F069C7B8DCE}
		{E4A09857-37AB-420B-974A-5C656DE3A060} = {883098FB-CB61-4BE1-9106-8F069C7B8DCE}
		{D87D7A4D-D9CB-434A-8348-3CEAFD97B1B6} = {883098FB-CB61-4BE1-9106-8F069C7B8DCE}
		{5301B55D-AD72-4CF3-8109-6781701CF3AE} = {883098FB-CB61-4BE1-9106-8F069C7B8DCE}
		{6E8794DE-AB97-4A14-A69A-48B4BF4CC179} = {883098FB-CB61-4BE1-9106-8F069C7B8DCE}
		{846E932D-8DEF-4B85-B279-2D64766C2146} = {16DBDC1C-86AC-4CBA-BAAE-7F06B2D6CD48}
		{DBEC050C-A62F-4436-B1BA-4655FFEDBD81} = {16DBDC1C-86AC-4CBA-BAAE-7F06B2D6CD48}
		{54C8F3D2-EF0D-4CF7-B7D4-ED183FE36823} = {98360F46-EB59-4218-9854-240DFB57534C}
		{2EBDAC9D-4F9F-43C1-B8C0-4408DF3A798B} = {1D79EF60-275C-470A-B929-D61086192FDA}
		{121F89DA-918B-418E-BAB2-000B4C8BE6D9} = {1D79EF60-275C-470A-B929-D61086192FDA}
		{6C1A1C82-9D7E-42FD-96E7-BEEFEC6C38F6} = {98360F46-EB59-4218-9854-240DFB57534C}
		{BED6DF82-3695-440D-B8A1-1946413885DD} = {1D79EF60-275C-470A-B929-D61086192FDA}
		{A661E42D-238D-492B-9DC3-353E6CB01AA8} = {4DDD268A-8E3C-4A7B-BC9E-519925270BBA}
		{5835D2E1-24EC-43DE-8526-173A8A3DE019} = {4DDD268A-8E3C-4A7B-BC9E-519925270BBA}
		{5CF05AD0-6AFB-4214-AB6B-C79168E68B15} = {5835D2E1-24EC-43DE-8526-173A8A3DE019}
		{7C0EB9E3-AFF5-47CD-ADB9-DBC811D9BF37} = {5CF05AD0-6AFB-4214-AB6B-C79168E68B15}
		{90DF3998-1F6D-4F2E-8907-027616FB0C64} = {A661E42D-238D-492B-9DC3-353E6CB01AA8}
		{0196EF9D-ECE6-4BDE-A7DC-07C4A3F3DD70} = {90DF3998-1F6D-4F2E-8907-027616FB0C64}
		{6FE553BF-BC9A-4F88-ABB6-5A48DEA1CE5E} = {90DF3998-1F6D-4F2E-8907-027616FB0C64}
		{764C4DA1-073B-45C0-953A-D063E5CF1D18} = {1D79EF60-275C-470A-B929-D61086192FDA}
		{31D9775E-19F9-4C40-9D98-6B753C28C29C} = {5835D2E1-24EC-43DE-8526-173A8A3DE019}
		{A8E8CD88-CAD8-4DD3-A76A-E9051590E42B} = {31D9775E-19F9-4C40-9D98-6B753C28C29C}
		{A8F83B68-7374-4C8E-BB92-5B0F468774F3} = {31D9775E-19F9-4C40-9D98-6B753C28C29C}
		{46C64E3E-7828-46EF-ADFA-951C667AED2A} = {C4BBEED2-8AFE-4891-88C8-F0551BD8CE7E}
		{5A7DD89C-6C18-4734-9A48-448912940730} = {8FFC40CB-164E-4A43-ACA6-204A52AF821F}
		{40B46FB3-C861-4803-AF67-469C3AE5139B} = {A661E42D-238D-492B-9DC3-353E6CB01AA8}
		{DE250290-43E3-4C17-BDB2-93B145DB8BD3} = {40B46FB3-C861-4803-AF67-469C3AE5139B}
		{F98667D7-1AE6-43BA-987C-2D66C0BDB1DD} = {5835D2E1-24EC-43DE-8526-173A8A3DE019}
		{FAB5A6B3-4DD4-4AED-A06D-0BB7308D2734} = {F98667D7-1AE6-43BA-987C-2D66C0BDB1DD}
		{A317292C-2548-466C-869E-D4EB502D3CDB} = {F98667D7-1AE6-43BA-987C-2D66C0BDB1DD}
		{B72B1B62-6D1C-4F50-B875-BCF1C193BC14} = {5835D2E1-24EC-43DE-8526-173A8A3DE019}
		{DDF79E25-FB7E-4FF7-9494-D458676C1571} = {B72B1B62-6D1C-4F50-B875-BCF1C193BC14}
		{FF6FA53D-4FD5-43DA-AA1B-AEFE86A6275A} = {B72B1B62-6D1C-4F50-B875-BCF1C193BC14}
		{9066BE2C-5823-40D3-BA31-F8422BAA7D8C} = {1D79EF60-275C-470A-B929-D61086192FDA}
		{AEA8A8B0-A7AC-4E6F-8547-1915527B94BB} = {1D79EF60-275C-470A-B929-D61086192FDA}
		{7B82E67A-7302-41D6-9751-CF87EEA0196B} = {1D79EF60-275C-470A-B929-D61086192FDA}
		{DB82EBF3-2B34-4159-83CD-1FE9FC844FEA} = {1D79EF60-275C-470A-B929-D61086192FDA}
		{64B168F8-320F-4C02-8D72-8A36BFA8B92F} = {4DDD268A-8E3C-4A7B-BC9E-519925270BBA}
		{4FD8D2F6-A6F0-4320-909A-E7F6B8A37D17} = {4DDD268A-8E3C-4A7B-BC9E-519925270BBA}
		{088CF262-9FA2-413F-AA3D-539FC46C4967} = {4DDD268A-8E3C-4A7B-BC9E-519925270BBA}
		{49CC62E0-2312-49A0-8A7D-3946E3B9FCE6} = {4DDD268A-8E3C-4A7B-BC9E-519925270BBA}
		{5CFF432E-5DEE-4A7B-9FC6-6CFB264A0CAA} = {64B168F8-320F-4C02-8D72-8A36BFA8B92F}
		{7FBA04CE-0A9D-49CB-A645-BA63EAC92D55} = {64B168F8-320F-4C02-8D72-8A36BFA8B92F}
		{2C9D1436-0E85-41E8-AD94-C6FF010DC5F8} = {4DDD268A-8E3C-4A7B-BC9E-519925270BBA}
		{5D42B981-7D01-4CD0-BFA9-B4EC3B423E3B} = {2C9D1436-0E85-41E8-AD94-C6FF010DC5F8}
		{210B8047-9DAF-42E6-AC41-E124BFCD571C} = {2C9D1436-0E85-41E8-AD94-C6FF010DC5F8}
		{3DD3AB4C-B555-4DFB-9A11-2FC89F677870} = {4DDD268A-8E3C-4A7B-BC9E-519925270BBA}
		{11448318-D983-4ABE-87AD-37FC93463FC9} = {3DD3AB4C-B555-4DFB-9A11-2FC89F677870}
		{C75A581F-CC5B-476D-AB50-922600FFF160} = {3DD3AB4C-B555-4DFB-9A11-2FC89F677870}
		{BB5AF7B4-9FFC-45F5-99A6-BD14D6650804} = {3DD3AB4C-B555-4DFB-9A11-2FC89F677870}
		{A407BB2B-74D8-4406-841F-EB44610689C2} = {C75A581F-CC5B-476D-AB50-922600FFF160}
		{C4F94497-B2A4-4479-B07B-9F84645EEF0E} = {C75A581F-CC5B-476D-AB50-922600FFF160}
		{B10F7F09-6291-40D7-AC80-F8F122DF10DD} = {11448318-D983-4ABE-87AD-37FC93463FC9}
		{0DEDD927-B664-4070-8EAF-71EE7847C749} = {11448318-D983-4ABE-87AD-37FC93463FC9}
		{A4708DF1-4926-4969-B1F5-2648B88DD4ED} = {BB5AF7B4-9FFC-45F5-99A6-BD14D6650804}
		{B56A9794-5FCC-4E5D-A4D5-0E7B15CECCA0} = {BB5AF7B4-9FFC-45F5-99A6-BD14D6650804}
		{FBA8AA64-2352-44CF-A6F4-558DA164B86A} = {4DDD268A-8E3C-4A7B-BC9E-519925270BBA}
		{A0A9FCDC-2A50-4F05-866E-EDD9BCD581B6} = {FBA8AA64-2352-44CF-A6F4-558DA164B86A}
		{A92B2E36-B489-4305-AFD4-1A582038413D} = {FBA8AA64-2352-44CF-A6F4-558DA164B86A}
		{2A0D4B04-34A5-4677-8975-BC66A1D9DF4E} = {5835D2E1-24EC-43DE-8526-173A8A3DE019}
		{86563E20-F49B-443C-B802-D38DD09BFE4B} = {2A0D4B04-34A5-4677-8975-BC66A1D9DF4E}
		{1EE75BF7-AB76-4030-8300-1AD7B7AFF4D7} = {2A0D4B04-34A5-4677-8975-BC66A1D9DF4E}
		{2EEECE22-38B5-4C0F-BBA9-9C72110016D5} = {4DDD268A-8E3C-4A7B-BC9E-519925270BBA}
		{0DA49C4A-3EE7-4483-BD72-CBABE6135562} = {2EEECE22-38B5-4C0F-BBA9-9C72110016D5}
		{B81C7BA5-05A1-4234-A715-BC081C19984C} = {2EEECE22-38B5-4C0F-BBA9-9C72110016D5}
		{E297EFC6-1575-4FCB-9AB6-CEF5B9BAC5E3} = {4DDD268A-8E3C-4A7B-BC9E-519925270BBA}
		{DA62B8A7-5ED3-40A1-85EC-797603AEF6BD} = {E297EFC6-1575-4FCB-9AB6-CEF5B9BAC5E3}
		{B56C2D92-E93D-4B5A-9324-7C1C09C6B771} = {E297EFC6-1575-4FCB-9AB6-CEF5B9BAC5E3}
	EndGlobalSection
	GlobalSection(ExtensibilityGlobals) = postSolution
		SolutionGuid = {EBBA475B-75DB-4743-B547-571A3A964706}
	EndGlobalSection
EndGlobal
